
Microsoft Visual Studio Solution File, Format Version 12.00
# Visual Studio 14
VisualStudioVersion = 14.0.23107.0
MinimumVisualStudioVersion = 10.0.40219.1
Project("{FAE04EC0-301F-11D3-BF4B-00C04F79EFBC}") = "HomeService.Domain", "HomeService.Domain\HomeService.Domain.csproj", "{04687D21-BF19-4044-A762-CC661B7DC596}"
EndProject
Project("{FAE04EC0-301F-11D3-BF4B-00C04F79EFBC}") = "HomeService.Web", "HomeService.Web\HomeService.Web.csproj", "{AE1BB52B-408A-4DB8-B422-8649EF8CEDD3}"
EndProject
Global
	GlobalSection(SolutionConfigurationPlatforms) = preSolution
		Debug|Any CPU = Debug|Any CPU
		Release|Any CPU = Release|Any CPU
	EndGlobalSection
	GlobalSection(ProjectConfigurationPlatforms) = postSolution
		{04687D21-BF19-4044-A762-CC661B7DC596}.Debug|Any CPU.ActiveCfg = Debug|Any CPU
		{04687D21-BF19-4044-A762-CC661B7DC596}.Debug|Any CPU.Build.0 = Debug|Any CPU
		{04687D21-BF19-4044-A762-CC661B7DC596}.Release|Any CPU.ActiveCfg = Release|Any CPU
		{04687D21-BF19-4044-A762-CC661B7DC596}.Release|Any CPU.Build.0 = Release|Any CPU
		{AE1BB52B-408A-4DB8-B422-8649EF8CEDD3}.Debug|Any CPU.ActiveCfg = Debug|Any CPU
		{AE1BB52B-408A-4DB8-B422-8649EF8CEDD3}.Debug|Any CPU.Build.0 = Debug|Any CPU
		{AE1BB52B-408A-4DB8-B422-8649EF8CEDD3}.Release|Any CPU.ActiveCfg = Release|Any CPU
		{AE1BB52B-408A-4DB8-B422-8649EF8CEDD3}.Release|Any CPU.Build.0 = Release|Any CPU
	EndGlobalSection
	GlobalSection(SolutionProperties) = preSolution
		HideSolutionNode = FALSE
	EndGlobalSection
EndGlobal
